
Microsoft Visual Studio Solution File, Format Version 12.00
# Visual Studio 2012
Project("{FAE04EC0-301F-11D3-BF4B-00C04F79EFBC}") = "AutomataServidor", "AutomataServidor\AutomataServidor.csproj", "{243D24F0-13EE-4779-9745-AA4E5B563784}"
EndProject
Global
	GlobalSection(SolutionConfigurationPlatforms) = preSolution
		Debug|Any CPU = Debug|Any CPU
		Release|Any CPU = Release|Any CPU
	EndGlobalSection
	GlobalSection(ProjectConfigurationPlatforms) = postSolution
		{243D24F0-13EE-4779-9745-AA4E5B563784}.Debug|Any CPU.ActiveCfg = Debug|Any CPU
		{243D24F0-13EE-4779-9745-AA4E5B563784}.Debug|Any CPU.Build.0 = Debug|Any CPU
		{243D24F0-13EE-4779-9745-AA4E5B563784}.Release|Any CPU.ActiveCfg = Release|Any CPU
		{243D24F0-13EE-4779-9745-AA4E5B563784}.Release|Any CPU.Build.0 = Release|Any CPU
	EndGlobalSection
	GlobalSection(SolutionProperties) = preSolution
		HideSolutionNode = FALSE
	EndGlobalSection
EndGlobal
